
Microsoft Visual Studio Solution File, Format Version 12.00
# Visual Studio Version 16
VisualStudioVersion = 16.0.28803.202
MinimumVisualStudioVersion = 10.0.40219.1
Project("{FAE04EC0-301F-11D3-BF4B-00C04F79EFBC}") = "WindowsFormsApp1", "WindowsFormsApp1\WindowsFormsApp1.csproj", "{F53D6870-1ADD-4C6A-9F66-947DD6C229DD}"
EndProject
Global
	GlobalSection(SolutionConfigurationPlatforms) = preSolution
		Debug|Any CPU = Debug|Any CPU
		Release|Any CPU = Release|Any CPU
	EndGlobalSection
	GlobalSection(ProjectConfigurationPlatforms) = postSolution
		{F53D6870-1ADD-4C6A-9F66-947DD6C229DD}.Debug|Any CPU.ActiveCfg = Debug|Any CPU
		{F53D6870-1ADD-4C6A-9F66-947DD6C229DD}.Debug|Any CPU.Build.0 = Debug|Any CPU
		{F53D6870-1ADD-4C6A-9F66-947DD6C229DD}.Release|Any CPU.ActiveCfg = Release|Any CPU
		{F53D6870-1ADD-4C6A-9F66-947DD6C229DD}.Release|Any CPU.Build.0 = Release|Any CPU
	EndGlobalSection
	GlobalSection(SolutionProperties) = preSolution
		HideSolutionNode = FALSE
	EndGlobalSection
	GlobalSection(ExtensibilityGlobals) = postSolution
		SolutionGuid = {B4399156-0DF3-4122-BD1B-B1668927E0A3}
	EndGlobalSection
EndGlobal
